
Microsoft Visual Studio Solution File, Format Version 12.00
# Visual Studio Version 16
VisualStudioVersion = 16.0.30517.126
MinimumVisualStudioVersion = 10.0.40219.1
Project("{FAE04EC0-301F-11D3-BF4B-00C04F79EFBC}") = "Studio 1", "Studio 1\Studio 1.csproj", "{12331CF1-7CA7-40E6-AE04-AB2FD15215B1}"
EndProject
Global
	GlobalSection(SolutionConfigurationPlatforms) = preSolution
		Debug|Any CPU = Debug|Any CPU
		Release|Any CPU = Release|Any CPU
	EndGlobalSection
	GlobalSection(ProjectConfigurationPlatforms) = postSolution
		{12331CF1-7CA7-40E6-AE04-AB2FD15215B1}.Debug|Any CPU.ActiveCfg = Debug|Any CPU
		{12331CF1-7CA7-40E6-AE04-AB2FD15215B1}.Debug|Any CPU.Build.0 = Debug|Any CPU
		{12331CF1-7CA7-40E6-AE04-AB2FD15215B1}.Release|Any CPU.ActiveCfg = Release|Any CPU
		{12331CF1-7CA7-40E6-AE04-AB2FD15215B1}.Release|Any CPU.Build.0 = Release|Any CPU
	EndGlobalSection
	GlobalSection(SolutionProperties) = preSolution
		HideSolutionNode = FALSE
	EndGlobalSection
	GlobalSection(ExtensibilityGlobals) = postSolution
		SolutionGuid = {24C3CCBF-77EF-4BE2-935E-E5E3490B2E88}
	EndGlobalSection
EndGlobal
